
Microsoft Visual Studio Solution File, Format Version 12.00
# Visual Studio Version 17
VisualStudioVersion = 17.9.34728.123
MinimumVisualStudioVersion = 10.0.40219.1
Project("{FAE04EC0-301F-11D3-BF4B-00C04F79EFBC}") = "WebApplication1", "WebApplication1.csproj", "{E44C4233-D1FD-4A12-8A67-DD6C567079F6}"
EndProject
Global
	GlobalSection(SolutionConfigurationPlatforms) = preSolution
		Debug|Any CPU = Debug|Any CPU
		Release|Any CPU = Release|Any CPU
	EndGlobalSection
	GlobalSection(ProjectConfigurationPlatforms) = postSolution
		{E44C4233-D1FD-4A12-8A67-DD6C567079F6}.Debug|Any CPU.ActiveCfg = Debug|Any CPU
		{E44C4233-D1FD-4A12-8A67-DD6C567079F6}.Debug|Any CPU.Build.0 = Debug|Any CPU
		{E44C4233-D1FD-4A12-8A67-DD6C567079F6}.Release|Any CPU.ActiveCfg = Release|Any CPU
		{E44C4233-D1FD-4A12-8A67-DD6C567079F6}.Release|Any CPU.Build.0 = Release|Any CPU
	EndGlobalSection
	GlobalSection(SolutionProperties) = preSolution
		HideSolutionNode = FALSE
	EndGlobalSection
	GlobalSection(ExtensibilityGlobals) = postSolution
		SolutionGuid = {890F0924-BE1A-4A91-8910-7458053C102B}
	EndGlobalSection
EndGlobal
